
Microsoft Visual Studio Solution File, Format Version 12.00
# Visual Studio Version 17
VisualStudioVersion = 17.9.34728.123
MinimumVisualStudioVersion = 10.0.40219.1
Project("{FAE04EC0-301F-11D3-BF4B-00C04F79EFBC}") = "CoreApi5", "CoreApi5\CoreApi5.csproj", "{FC6BFEB7-6AED-4FF6-AFA1-8C6CECCCCB67}"
EndProject
Global
	GlobalSection(SolutionConfigurationPlatforms) = preSolution
		Debug|Any CPU = Debug|Any CPU
		Release|Any CPU = Release|Any CPU
	EndGlobalSection
	GlobalSection(ProjectConfigurationPlatforms) = postSolution
		{FC6BFEB7-6AED-4FF6-AFA1-8C6CECCCCB67}.Debug|Any CPU.ActiveCfg = Debug|Any CPU
		{FC6BFEB7-6AED-4FF6-AFA1-8C6CECCCCB67}.Debug|Any CPU.Build.0 = Debug|Any CPU
		{FC6BFEB7-6AED-4FF6-AFA1-8C6CECCCCB67}.Release|Any CPU.ActiveCfg = Release|Any CPU
		{FC6BFEB7-6AED-4FF6-AFA1-8C6CECCCCB67}.Release|Any CPU.Build.0 = Release|Any CPU
	EndGlobalSection
	GlobalSection(SolutionProperties) = preSolution
		HideSolutionNode = FALSE
	EndGlobalSection
	GlobalSection(ExtensibilityGlobals) = postSolution
		SolutionGuid = {7303EE07-C638-4BFD-977F-48715449FAEA}
	EndGlobalSection
EndGlobal
